
Microsoft Visual Studio Solution File, Format Version 12.00
# Visual Studio Version 17
VisualStudioVersion = 17.1.32421.90
MinimumVisualStudioVersion = 10.0.40219.1
Project("{FAE04EC0-301F-11D3-BF4B-00C04F79EFBC}") = "ConsoleApp1", "ConsoleApp1\ConsoleApp1.csproj", "{04AC61A0-5111-45B3-938B-562C1A408EAA}"
EndProject
Global
	GlobalSection(SolutionConfigurationPlatforms) = preSolution
		Debug|Any CPU = Debug|Any CPU
		Release|Any CPU = Release|Any CPU
	EndGlobalSection
	GlobalSection(ProjectConfigurationPlatforms) = postSolution
		{04AC61A0-5111-45B3-938B-562C1A408EAA}.Debug|Any CPU.ActiveCfg = Debug|Any CPU
		{04AC61A0-5111-45B3-938B-562C1A408EAA}.Debug|Any CPU.Build.0 = Debug|Any CPU
		{04AC61A0-5111-45B3-938B-562C1A408EAA}.Release|Any CPU.ActiveCfg = Release|Any CPU
		{04AC61A0-5111-45B3-938B-562C1A408EAA}.Release|Any CPU.Build.0 = Release|Any CPU
	EndGlobalSection
	GlobalSection(SolutionProperties) = preSolution
		HideSolutionNode = FALSE
	EndGlobalSection
	GlobalSection(ExtensibilityGlobals) = postSolution
		SolutionGuid = {4BEAB818-6460-4B34-84B4-C71A57AFB45A}
	EndGlobalSection
EndGlobal
